
Microsoft Visual Studio Solution File, Format Version 12.00
# Visual Studio 15
VisualStudioVersion = 15.0.26730.10
MinimumVisualStudioVersion = 10.0.40219.1
Project("{FAE04EC0-301F-11D3-BF4B-00C04F79EFBC}") = "Program0", "Program0\Program0.csproj", "{AC4B19F6-58D0-4AAA-8EA0-2CB6E8D0319C}"
EndProject
Global
	GlobalSection(SolutionConfigurationPlatforms) = preSolution
		Debug|Any CPU = Debug|Any CPU
		Release|Any CPU = Release|Any CPU
	EndGlobalSection
	GlobalSection(ProjectConfigurationPlatforms) = postSolution
		{AC4B19F6-58D0-4AAA-8EA0-2CB6E8D0319C}.Debug|Any CPU.ActiveCfg = Debug|Any CPU
		{AC4B19F6-58D0-4AAA-8EA0-2CB6E8D0319C}.Debug|Any CPU.Build.0 = Debug|Any CPU
		{AC4B19F6-58D0-4AAA-8EA0-2CB6E8D0319C}.Release|Any CPU.ActiveCfg = Release|Any CPU
		{AC4B19F6-58D0-4AAA-8EA0-2CB6E8D0319C}.Release|Any CPU.Build.0 = Release|Any CPU
	EndGlobalSection
	GlobalSection(SolutionProperties) = preSolution
		HideSolutionNode = FALSE
	EndGlobalSection
	GlobalSection(ExtensibilityGlobals) = postSolution
		SolutionGuid = {474C3AA8-836D-40C4-969D-4E005B6D8BF0}
	EndGlobalSection
EndGlobal
